// !$*UTF8*$!
{
	archiveVersion = 1;
	classes = {
	};
	objectVersion = 60;
	objects = {

/* Begin PBXBuildFile section */
		570C9A952AC0C19B006ADD8B /* ActionButton.swift in Sources */ = {isa = PBXBuildFile; fileRef = 570C9A942AC0C19B006ADD8B /* ActionButton.swift */; };
		570C9A972AC0C309006ADD8B /* ActionButtonView.swift in Sources */ = {isa = PBXBuildFile; fileRef = 570C9A962AC0C309006ADD8B /* ActionButtonView.swift */; };
		5740A42D2ABD0FD200AC451A /* Schedule.swift in Sources */ = {isa = PBXBuildFile; fileRef = 5740A42C2ABD0FD200AC451A /* Schedule.swift */; };
		575135132AAE8CEB0088AE32 /* GameSummaryView.swift in Sources */ = {isa = PBXBuildFile; fileRef = 575135122AAE8CEB0088AE32 /* GameSummaryView.swift */; };
		575AFB112AA645A700DA9D89 /* PlayoffCup_v111App.swift in Sources */ = {isa = PBXBuildFile; fileRef = 575AFB102AA645A700DA9D89 /* PlayoffCup_v111App.swift */; };
		575AFB132AA645A700DA9D89 /* ContentView.swift in Sources */ = {isa = PBXBuildFile; fileRef = 575AFB122AA645A700DA9D89 /* ContentView.swift */; };
		575AFB152AA645A900DA9D89 /* Assets.xcassets in Resources */ = {isa = PBXBuildFile; fileRef = 575AFB142AA645A900DA9D89 /* Assets.xcassets */; };
		575AFB182AA645A900DA9D89 /* Preview Assets.xcassets in Resources */ = {isa = PBXBuildFile; fileRef = 575AFB172AA645A900DA9D89 /* Preview Assets.xcassets */; };
		575AFB1F2AA6460500DA9D89 /* Game.swift in Sources */ = {isa = PBXBuildFile; fileRef = 575AFB1E2AA6460400DA9D89 /* Game.swift */; };
		575AFB212AA6497400DA9D89 /* Series.swift in Sources */ = {isa = PBXBuildFile; fileRef = 575AFB202AA6497400DA9D89 /* Series.swift */; };
		575AFB232AA6522200DA9D89 /* Match.swift in Sources */ = {isa = PBXBuildFile; fileRef = 575AFB222AA6522200DA9D89 /* Match.swift */; };
		575DF7092ACA4481007F0F76 /* SettingsView.swift in Sources */ = {isa = PBXBuildFile; fileRef = 575DF7082ACA4481007F0F76 /* SettingsView.swift */; };
		575EFA8F2AB3CD2700F5BDCD /* Team.swift in Sources */ = {isa = PBXBuildFile; fileRef = 575EFA8E2AB3CD2700F5BDCD /* Team.swift */; };
		575EFA912AB3D0A500F5BDCD /* GameState.swift in Sources */ = {isa = PBXBuildFile; fileRef = 575EFA902AB3D0A500F5BDCD /* GameState.swift */; };
		579C19E42ACE40D60017D754 /* Observer.swift in Sources */ = {isa = PBXBuildFile; fileRef = 579C19E32ACE40D60017D754 /* Observer.swift */; };
		57CB2CB82ADAEFE200734740 /* MeterView.swift in Sources */ = {isa = PBXBuildFile; fileRef = 57CB2CB72ADAEFE200734740 /* MeterView.swift */; };
		57DE231F2ABFD168003BFFF3 /* TeamSelectionView.swift in Sources */ = {isa = PBXBuildFile; fileRef = 57DE231E2ABFD168003BFFF3 /* TeamSelectionView.swift */; };
		57E7D2302AAFDD6A009F9D71 /* RinkView.swift in Sources */ = {isa = PBXBuildFile; fileRef = 57E7D22F2AAFDD6A009F9D71 /* RinkView.swift */; };
		57F2D3302AD205EB008F406B /* SeriesSummaryView.swift in Sources */ = {isa = PBXBuildFile; fileRef = 57F2D32F2AD205EB008F406B /* SeriesSummaryView.swift */; };
/* End PBXBuildFile section */

/* Begin PBXFileReference section */
		570C9A942AC0C19B006ADD8B /* ActionButton.swift */ = {isa = PBXFileReference; lastKnownFileType = sourcecode.swift; path = ActionButton.swift; sourceTree = "<group>"; };
		570C9A962AC0C309006ADD8B /* ActionButtonView.swift */ = {isa = PBXFileReference; lastKnownFileType = sourcecode.swift; path = ActionButtonView.swift; sourceTree = "<group>"; };
		5740A42C2ABD0FD200AC451A /* Schedule.swift */ = {isa = PBXFileReference; lastKnownFileType = sourcecode.swift; path = Schedule.swift; sourceTree = "<group>"; };
		575135122AAE8CEB0088AE32 /* GameSummaryView.swift */ = {isa = PBXFileReference; lastKnownFileType = sourcecode.swift; path = GameSummaryView.swift; sourceTree = "<group>"; };
		575AFB0D2AA645A700DA9D89 /* PlayoffCup_v111.app */ = {isa = PBXFileReference; explicitFileType = wrapper.application; includeInIndex = 0; path = PlayoffCup_v111.app; sourceTree = BUILT_PRODUCTS_DIR; };
		575AFB102AA645A700DA9D89 /* PlayoffCup_v111App.swift */ = {isa = PBXFileReference; lastKnownFileType = sourcecode.swift; path = PlayoffCup_v111App.swift; sourceTree = "<group>"; };
		575AFB122AA645A700DA9D89 /* ContentView.swift */ = {isa = PBXFileReference; lastKnownFileType = sourcecode.swift; path = ContentView.swift; sourceTree = "<group>"; };
		575AFB142AA645A900DA9D89 /* Assets.xcassets */ = {isa = PBXFileReference; lastKnownFileType = folder.assetcatalog; path = Assets.xcassets; sourceTree = "<group>"; };
		575AFB172AA645A900DA9D89 /* Preview Assets.xcassets */ = {isa = PBXFileReference; lastKnownFileType = folder.assetcatalog; path = "Preview Assets.xcassets"; sourceTree = "<group>"; };
		575AFB1E2AA6460400DA9D89 /* Game.swift */ = {isa = PBXFileReference; lastKnownFileType = sourcecode.swift; path = Game.swift; sourceTree = "<group>"; };
		575AFB202AA6497400DA9D89 /* Series.swift */ = {isa = PBXFileReference; lastKnownFileType = sourcecode.swift; path = Series.swift; sourceTree = "<group>"; };
		575AFB222AA6522200DA9D89 /* Match.swift */ = {isa = PBXFileReference; lastKnownFileType = sourcecode.swift; path = Match.swift; sourceTree = "<group>"; };
		575DF7082ACA4481007F0F76 /* SettingsView.swift */ = {isa = PBXFileReference; lastKnownFileType = sourcecode.swift; path = SettingsView.swift; sourceTree = "<group>"; };
		575EFA8E2AB3CD2700F5BDCD /* Team.swift */ = {isa = PBXFileReference; lastKnownFileType = sourcecode.swift; path = Team.swift; sourceTree = "<group>"; };
		575EFA902AB3D0A500F5BDCD /* GameState.swift */ = {isa = PBXFileReference; lastKnownFileType = sourcecode.swift; path = GameState.swift; sourceTree = "<group>"; };
		579C19E32ACE40D60017D754 /* Observer.swift */ = {isa = PBXFileReference; lastKnownFileType = sourcecode.swift; path = Observer.swift; sourceTree = "<group>"; };
		57CB2CB72ADAEFE200734740 /* MeterView.swift */ = {isa = PBXFileReference; lastKnownFileType = sourcecode.swift; path = MeterView.swift; sourceTree = "<group>"; };
		57DE231E2ABFD168003BFFF3 /* TeamSelectionView.swift */ = {isa = PBXFileReference; lastKnownFileType = sourcecode.swift; path = TeamSelectionView.swift; sourceTree = "<group>"; };
		57E7D22F2AAFDD6A009F9D71 /* RinkView.swift */ = {isa = PBXFileReference; lastKnownFileType = sourcecode.swift; path = RinkView.swift; sourceTree = "<group>"; };
		57F2D32F2AD205EB008F406B /* SeriesSummaryView.swift */ = {isa = PBXFileReference; lastKnownFileType = sourcecode.swift; path = SeriesSummaryView.swift; sourceTree = "<group>"; };
/* End PBXFileReference section */

/* Begin PBXFrameworksBuildPhase section */
		575AFB0A2AA645A700DA9D89 /* Frameworks */ = {
			isa = PBXFrameworksBuildPhase;
			buildActionMask = 2147483647;
			files = (
			);
			runOnlyForDeploymentPostprocessing = 0;
		};
/* End PBXFrameworksBuildPhase section */

/* Begin PBXGroup section */
		575AFB042AA645A700DA9D89 = {
			isa = PBXGroup;
			children = (
				575AFB0F2AA645A700DA9D89 /* PlayoffCup_v111 */,
				575AFB0E2AA645A700DA9D89 /* Products */,
			);
			sourceTree = "<group>";
		};
		575AFB0E2AA645A700DA9D89 /* Products */ = {
			isa = PBXGroup;
			children = (
				575AFB0D2AA645A700DA9D89 /* PlayoffCup_v111.app */,
			);
			name = Products;
			sourceTree = "<group>";
		};
		575AFB0F2AA645A700DA9D89 /* PlayoffCup_v111 */ = {
			isa = PBXGroup;
			children = (
				575AFB102AA645A700DA9D89 /* PlayoffCup_v111App.swift */,
				575AFB122AA645A700DA9D89 /* ContentView.swift */,
				575DF7082ACA4481007F0F76 /* SettingsView.swift */,
				575135122AAE8CEB0088AE32 /* GameSummaryView.swift */,
				57F2D32F2AD205EB008F406B /* SeriesSummaryView.swift */,
				579C19E32ACE40D60017D754 /* Observer.swift */,
				57E7D22F2AAFDD6A009F9D71 /* RinkView.swift */,
				57CB2CB72ADAEFE200734740 /* MeterView.swift */,
				57DE231E2ABFD168003BFFF3 /* TeamSelectionView.swift */,
				570C9A942AC0C19B006ADD8B /* ActionButton.swift */,
				570C9A962AC0C309006ADD8B /* ActionButtonView.swift */,
				575EFA902AB3D0A500F5BDCD /* GameState.swift */,
				575AFB1E2AA6460400DA9D89 /* Game.swift */,
				575AFB202AA6497400DA9D89 /* Series.swift */,
				575AFB222AA6522200DA9D89 /* Match.swift */,
				5740A42C2ABD0FD200AC451A /* Schedule.swift */,
				575EFA8E2AB3CD2700F5BDCD /* Team.swift */,
				575AFB142AA645A900DA9D89 /* Assets.xcassets */,
				575AFB162AA645A900DA9D89 /* Preview Content */,
			);
			path = PlayoffCup_v111;
			sourceTree = "<group>";
		};
		575AFB162AA645A900DA9D89 /* Preview Content */ = {
			isa = PBXGroup;
			children = (
				575AFB172AA645A900DA9D89 /* Preview Assets.xcassets */,
			);
			path = "Preview Content";
			sourceTree = "<group>";
		};
/* End PBXGroup section */

/* Begin PBXNativeTarget section */
		575AFB0C2AA645A700DA9D89 /* PlayoffCup_v111 */ = {
			isa = PBXNativeTarget;
			buildConfigurationList = 575AFB1B2AA645A900DA9D89 /* Build configuration list for PBXNativeTarget "PlayoffCup_v111" */;
			buildPhases = (
				575AFB092AA645A700DA9D89 /* Sources */,
				575AFB0A2AA645A700DA9D89 /* Frameworks */,
				575AFB0B2AA645A700DA9D89 /* Resources */,
			);
			buildRules = (
			);
			dependencies = (
			);
			name = PlayoffCup_v111;
			productName = PlayoffCup_v111;
			productReference = 575AFB0D2AA645A700DA9D89 /* PlayoffCup_v111.app */;
			productType = "com.apple.product-type.application";
		};
/* End PBXNativeTarget section */

/* Begin PBXProject section */
		575AFB052AA645A700DA9D89 /* Project object */ = {
			isa = PBXProject;
			attributes = {
				BuildIndependentTargetsInParallel = 1;
				LastSwiftUpdateCheck = 1430;
				LastUpgradeCheck = 1540;
				TargetAttributes = {
					575AFB0C2AA645A700DA9D89 = {
						CreatedOnToolsVersion = 14.3.1;
					};
				};
			};
			buildConfigurationList = 575AFB082AA645A700DA9D89 /* Build configuration list for PBXProject "PlayoffCup_v111" */;
			compatibilityVersion = "Xcode 15.0";
			developmentRegion = en;
			hasScannedForEncodings = 0;
			knownRegions = (
				en,
				Base,
			);
			mainGroup = 575AFB042AA645A700DA9D89;
			productRefGroup = 575AFB0E2AA645A700DA9D89 /* Products */;
			projectDirPath = "";
			projectRoot = "";
			targets = (
				575AFB0C2AA645A700DA9D89 /* PlayoffCup_v111 */,
			);
		};
/* End PBXProject section */

/* Begin PBXResourcesBuildPhase section */
		575AFB0B2AA645A700DA9D89 /* Resources */ = {
			isa = PBXResourcesBuildPhase;
			buildActionMask = 2147483647;
			files = (
				575AFB182AA645A900DA9D89 /* Preview Assets.xcassets in Resources */,
				575AFB152AA645A900DA9D89 /* Assets.xcassets in Resources */,
			);
			runOnlyForDeploymentPostprocessing = 0;
		};
/* End PBXResourcesBuildPhase section */

/* Begin PBXSourcesBuildPhase section */
		575AFB092AA645A700DA9D89 /* Sources */ = {
			isa = PBXSourcesBuildPhase;
			buildActionMask = 2147483647;
			files = (
				575AFB132AA645A700DA9D89 /* ContentView.swift in Sources */,
				57CB2CB82ADAEFE200734740 /* MeterView.swift in Sources */,
				579C19E42ACE40D60017D754 /* Observer.swift in Sources */,
				575135132AAE8CEB0088AE32 /* GameSummaryView.swift in Sources */,
				575AFB1F2AA6460500DA9D89 /* Game.swift in Sources */,
				57E7D2302AAFDD6A009F9D71 /* RinkView.swift in Sources */,
				575EFA8F2AB3CD2700F5BDCD /* Team.swift in Sources */,
				57F2D3302AD205EB008F406B /* SeriesSummaryView.swift in Sources */,
				57DE231F2ABFD168003BFFF3 /* TeamSelectionView.swift in Sources */,
				575AFB212AA6497400DA9D89 /* Series.swift in Sources */,
				575DF7092ACA4481007F0F76 /* SettingsView.swift in Sources */,
				570C9A972AC0C309006ADD8B /* ActionButtonView.swift in Sources */,
				575EFA912AB3D0A500F5BDCD /* GameState.swift in Sources */,
				575AFB232AA6522200DA9D89 /* Match.swift in Sources */,
				5740A42D2ABD0FD200AC451A /* Schedule.swift in Sources */,
				575AFB112AA645A700DA9D89 /* PlayoffCup_v111App.swift in Sources */,
				570C9A952AC0C19B006ADD8B /* ActionButton.swift in Sources */,
			);
			runOnlyForDeploymentPostprocessing = 0;
		};
/* End PBXSourcesBuildPhase section */

/* Begin XCBuildConfiguration section */
		575AFB192AA645A900DA9D89 /* Debug */ = {
			isa = XCBuildConfiguration;
			buildSettings = {
				ALWAYS_SEARCH_USER_PATHS = NO;
				ASSETCATALOG_COMPILER_GENERATE_SWIFT_ASSET_SYMBOL_EXTENSIONS = YES;
				CLANG_ANALYZER_NONNULL = YES;
				CLANG_ANALYZER_NUMBER_OBJECT_CONVERSION = YES_AGGRESSIVE;
				CLANG_CXX_LANGUAGE_STANDARD = "gnu++20";
				CLANG_ENABLE_MODULES = YES;
				CLANG_ENABLE_OBJC_ARC = YES;
				CLANG_ENABLE_OBJC_WEAK = YES;
				CLANG_WARN_BLOCK_CAPTURE_AUTORELEASING = YES;
				CLANG_WARN_BOOL_CONVERSION = YES;
				CLANG_WARN_COMMA = YES;
				CLANG_WARN_CONSTANT_CONVERSION = YES;
				CLANG_WARN_DEPRECATED_OBJC_IMPLEMENTATIONS = YES;
				CLANG_WARN_DIRECT_OBJC_ISA_USAGE = YES_ERROR;
				CLANG_WARN_DOCUMENTATION_COMMENTS = YES;
				CLANG_WARN_EMPTY_BODY = YES;
				CLANG_WARN_ENUM_CONVERSION = YES;
				CLANG_WARN_INFINITE_RECURSION = YES;
				CLANG_WARN_INT_CONVERSION = YES;
				CLANG_WARN_NON_LITERAL_NULL_CONVERSION = YES;
				CLANG_WARN_OBJC_IMPLICIT_RETAIN_SELF = YES;
				CLANG_WARN_OBJC_LITERAL_CONVERSION = YES;
				CLANG_WARN_OBJC_ROOT_CLASS = YES_ERROR;
				CLANG_WARN_QUOTED_INCLUDE_IN_FRAMEWORK_HEADER = YES;
				CLANG_WARN_RANGE_LOOP_ANALYSIS = YES;
				CLANG_WARN_STRICT_PROTOTYPES = YES;
				CLANG_WARN_SUSPICIOUS_MOVE = YES;
				CLANG_WARN_UNGUARDED_AVAILABILITY = YES_AGGRESSIVE;
				CLANG_WARN_UNREACHABLE_CODE = YES;
				CLANG_WARN__DUPLICATE_METHOD_MATCH = YES;
				COPY_PHASE_STRIP = NO;
				DEBUG_INFORMATION_FORMAT = dwarf;
				ENABLE_STRICT_OBJC_MSGSEND = YES;
				ENABLE_TESTABILITY = YES;
				ENABLE_USER_SCRIPT_SANDBOXING = YES;
				GCC_C_LANGUAGE_STANDARD = gnu11;
				GCC_DYNAMIC_NO_PIC = NO;
				GCC_NO_COMMON_BLOCKS = YES;
				GCC_OPTIMIZATION_LEVEL = 0;
				GCC_PREPROCESSOR_DEFINITIONS = (
					"DEBUG=1",
					"$(inherited)",
				);
				GCC_WARN_64_TO_32_BIT_CONVERSION = YES;
				GCC_WARN_ABOUT_RETURN_TYPE = YES_ERROR;
				GCC_WARN_UNDECLARED_SELECTOR = YES;
				GCC_WARN_UNINITIALIZED_AUTOS = YES_AGGRESSIVE;
				GCC_WARN_UNUSED_FUNCTION = YES;
				GCC_WARN_UNUSED_VARIABLE = YES;
				IPHONEOS_DEPLOYMENT_TARGET = 16.4;
				MTL_ENABLE_DEBUG_INFO = INCLUDE_SOURCE;
				MTL_FAST_MATH = YES;
				ONLY_ACTIVE_ARCH = YES;
				SDKROOT = iphoneos;
				SWIFT_ACTIVE_COMPILATION_CONDITIONS = DEBUG;
				SWIFT_OPTIMIZATION_LEVEL = "-Onone";
			};
			name = Debug;
		};
		575AFB1A2AA645A900DA9D89 /* Release */ = {
			isa = XCBuildConfiguration;
			buildSettings = {
				ALWAYS_SEARCH_USER_PATHS = NO;
				ASSETCATALOG_COMPILER_GENERATE_SWIFT_ASSET_SYMBOL_EXTENSIONS = YES;
				CLANG_ANALYZER_NONNULL = YES;
				CLANG_ANALYZER_NUMBER_OBJECT_CONVERSION = YES_AGGRESSIVE;
				CLANG_CXX_LANGUAGE_STANDARD = "gnu++20";
				CLANG_ENABLE_MODULES = YES;
				CLANG_ENABLE_OBJC_ARC = YES;
				CLANG_ENABLE_OBJC_WEAK = YES;
				CLANG_WARN_BLOCK_CAPTURE_AUTORELEASING = YES;
				CLANG_WARN_BOOL_CONVERSION = YES;
				CLANG_WARN_COMMA = YES;
				CLANG_WARN_CONSTANT_CONVERSION = YES;
				CLANG_WARN_DEPRECATED_OBJC_IMPLEMENTATIONS = YES;
				CLANG_WARN_DIRECT_OBJC_ISA_USAGE = YES_ERROR;
				CLANG_WARN_DOCUMENTATION_COMMENTS = YES;
				CLANG_WARN_EMPTY_BODY = YES;
				CLANG_WARN_ENUM_CONVERSION = YES;
				CLANG_WARN_INFINITE_RECURSION = YES;
				CLANG_WARN_INT_CONVERSION = YES;
				CLANG_WARN_NON_LITERAL_NULL_CONVERSION = YES;
				CLANG_WARN_OBJC_IMPLICIT_RETAIN_SELF = YES;
				CLANG_WARN_OBJC_LITERAL_CONVERSION = YES;
				CLANG_WARN_OBJC_ROOT_CLASS = YES_ERROR;
				CLANG_WARN_QUOTED_INCLUDE_IN_FRAMEWORK_HEADER = YES;
				CLANG_WARN_RANGE_LOOP_ANALYSIS = YES;
				CLANG_WARN_STRICT_PROTOTYPES = YES;
				CLANG_WARN_SUSPICIOUS_MOVE = YES;
				CLANG_WARN_UNGUARDED_AVAILABILITY = YES_AGGRESSIVE;
				CLANG_WARN_UNREACHABLE_CODE = YES;
				CLANG_WARN__DUPLICATE_METHOD_MATCH = YES;
				COPY_PHASE_STRIP = NO;
				DEBUG_INFORMATION_FORMAT = "dwarf-with-dsym";
				ENABLE_NS_ASSERTIONS = NO;
				ENABLE_STRICT_OBJC_MSGSEND = YES;
				ENABLE_USER_SCRIPT_SANDBOXING = YES;
				GCC_C_LANGUAGE_STANDARD = gnu11;
				GCC_NO_COMMON_BLOCKS = YES;
				GCC_WARN_64_TO_32_BIT_CONVERSION = YES;
				GCC_WARN_ABOUT_RETURN_TYPE = YES_ERROR;
				GCC_WARN_UNDECLARED_SELECTOR = YES;
				GCC_WARN_UNINITIALIZED_AUTOS = YES_AGGRESSIVE;
				GCC_WARN_UNUSED_FUNCTION = YES;
				GCC_WARN_UNUSED_VARIABLE = YES;
				IPHONEOS_DEPLOYMENT_TARGET = 16.4;
				MTL_ENABLE_DEBUG_INFO = NO;
				MTL_FAST_MATH = YES;
				SDKROOT = iphoneos;
				SWIFT_COMPILATION_MODE = wholemodule;
				SWIFT_OPTIMIZATION_LEVEL = "-O";
				VALIDATE_PRODUCT = YES;
			};
			name = Release;
		};
		575AFB1C2AA645A900DA9D89 /* Debug */ = {
			isa = XCBuildConfiguration;
			buildSettings = {
				ASSETCATALOG_COMPILER_APPICON_NAME = AppIcon;
				ASSETCATALOG_COMPILER_GLOBAL_ACCENT_COLOR_NAME = AccentColor;
				CODE_SIGN_STYLE = Automatic;
				CURRENT_PROJECT_VERSION = 1;
				DEVELOPMENT_ASSET_PATHS = "\"PlayoffCup_v111/Preview Content\"";
				DEVELOPMENT_TEAM = LYU3A6Q6V6;
				ENABLE_PREVIEWS = YES;
				GENERATE_INFOPLIST_FILE = YES;
				INFOPLIST_KEY_CFBundleDisplayName = "Playoff Cup";
				INFOPLIST_KEY_LSApplicationCategoryType = "public.app-category.sports-games";
				INFOPLIST_KEY_UIApplicationSceneManifest_Generation = YES;
				INFOPLIST_KEY_UIApplicationSupportsIndirectInputEvents = YES;
				INFOPLIST_KEY_UILaunchScreen_Generation = YES;
				INFOPLIST_KEY_UIRequiresFullScreen = YES;
				INFOPLIST_KEY_UISupportedInterfaceOrientations = "UIInterfaceOrientationLandscapeLeft UIInterfaceOrientationLandscapeRight";
				LD_RUNPATH_SEARCH_PATHS = (
					"$(inherited)",
					"@executable_path/Frameworks",
				);
				MARKETING_VERSION = 1.0;
				PRODUCT_BUNDLE_IDENTIFIER = "com.markbourgeois.PlayoffCup-v111";
				PRODUCT_NAME = "$(TARGET_NAME)";
				SWIFT_EMIT_LOC_STRINGS = YES;
				SWIFT_VERSION = 5.0;
				TARGETED_DEVICE_FAMILY = "1,2";
			};
			name = Debug;
		};
		575AFB1D2AA645A900DA9D89 /* Release */ = {
			isa = XCBuildConfiguration;
			buildSettings = {
				ASSETCATALOG_COMPILER_APPICON_NAME = AppIcon;
				ASSETCATALOG_COMPILER_GLOBAL_ACCENT_COLOR_NAME = AccentColor;
				CODE_SIGN_STYLE = Automatic;
				CURRENT_PROJECT_VERSION = 1;
				DEVELOPMENT_ASSET_PATHS = "\"PlayoffCup_v111/Preview Content\"";
				DEVELOPMENT_TEAM = LYU3A6Q6V6;
				ENABLE_PREVIEWS = YES;
				GENERATE_INFOPLIST_FILE = YES;
				INFOPLIST_KEY_CFBundleDisplayName = "Playoff Cup";
				INFOPLIST_KEY_LSApplicationCategoryType = "public.app-category.sports-games";
				INFOPLIST_KEY_UIApplicationSceneManifest_Generation = YES;
				INFOPLIST_KEY_UIApplicationSupportsIndirectInputEvents = YES;
				INFOPLIST_KEY_UILaunchScreen_Generation = YES;
				INFOPLIST_KEY_UIRequiresFullScreen = YES;
				INFOPLIST_KEY_UISupportedInterfaceOrientations = "UIInterfaceOrientationLandscapeLeft UIInterfaceOrientationLandscapeRight";
				LD_RUNPATH_SEARCH_PATHS = (
					"$(inherited)",
					"@executable_path/Frameworks",
				);
				MARKETING_VERSION = 1.0;
				PRODUCT_BUNDLE_IDENTIFIER = "com.markbourgeois.PlayoffCup-v111";
				PRODUCT_NAME = "$(TARGET_NAME)";
				SWIFT_EMIT_LOC_STRINGS = YES;
				SWIFT_VERSION = 5.0;
				TARGETED_DEVICE_FAMILY = "1,2";
			};
			name = Release;
		};
/* End XCBuildConfiguration section */

/* Begin XCConfigurationList section */
		575AFB082AA645A700DA9D89 /* Build configuration list for PBXProject "PlayoffCup_v111" */ = {
			isa = XCConfigurationList;
			buildConfigurations = (
				575AFB192AA645A900DA9D89 /* Debug */,
				575AFB1A2AA645A900DA9D89 /* Release */,
			);
			defaultConfigurationIsVisible = 0;
			defaultConfigurationName = Release;
		};
		575AFB1B2AA645A900DA9D89 /* Build configuration list for PBXNativeTarget "PlayoffCup_v111" */ = {
			isa = XCConfigurationList;
			buildConfigurations = (
				575AFB1C2AA645A900DA9D89 /* Debug */,
				575AFB1D2AA645A900DA9D89 /* Release */,
			);
			defaultConfigurationIsVisible = 0;
			defaultConfigurationName = Release;
		};
/* End XCConfigurationList section */
	};
	rootObject = 575AFB052AA645A700DA9D89 /* Project object */;
}
